
Microsoft Visual Studio Solution File, Format Version 12.00
# Visual Studio Version 16
VisualStudioVersion = 16.0.30128.74
MinimumVisualStudioVersion = 10.0.40219.1
Project("{FAE04EC0-301F-11D3-BF4B-00C04F79EFBC}") = "Books.APIv2", "Books.APIv2\Books.APIv2.csproj", "{D55C1EF7-7549-4B31-8B5F-AE50C6A2CE2A}"
EndProject
Global
	GlobalSection(SolutionConfigurationPlatforms) = preSolution
		Debug|Any CPU = Debug|Any CPU
		Release|Any CPU = Release|Any CPU
	EndGlobalSection
	GlobalSection(ProjectConfigurationPlatforms) = postSolution
		{D55C1EF7-7549-4B31-8B5F-AE50C6A2CE2A}.Debug|Any CPU.ActiveCfg = Debug|Any CPU
		{D55C1EF7-7549-4B31-8B5F-AE50C6A2CE2A}.Debug|Any CPU.Build.0 = Debug|Any CPU
		{D55C1EF7-7549-4B31-8B5F-AE50C6A2CE2A}.Release|Any CPU.ActiveCfg = Release|Any CPU
		{D55C1EF7-7549-4B31-8B5F-AE50C6A2CE2A}.Release|Any CPU.Build.0 = Release|Any CPU
	EndGlobalSection
	GlobalSection(SolutionProperties) = preSolution
		HideSolutionNode = FALSE
	EndGlobalSection
	GlobalSection(ExtensibilityGlobals) = postSolution
		SolutionGuid = {27CFCDA0-9AD1-4F5A-821C-AC2B046221E1}
	EndGlobalSection
EndGlobal
